
Microsoft Visual Studio Solution File, Format Version 11.00
# Visual Studio 2010
Project("{FAE04EC0-301F-11D3-BF4B-00C04F79EFBC}") = "lttimer", "pronama\lttimer.csproj", "{AA969BC5-FDDA-4310-B2A0-6ED15E97F419}"
EndProject
Global
	GlobalSection(SolutionConfigurationPlatforms) = preSolution
		Debug|Any CPU = Debug|Any CPU
		Release|Any CPU = Release|Any CPU
	EndGlobalSection
	GlobalSection(ProjectConfigurationPlatforms) = postSolution
		{AA969BC5-FDDA-4310-B2A0-6ED15E97F419}.Debug|Any CPU.ActiveCfg = Debug|Any CPU
		{AA969BC5-FDDA-4310-B2A0-6ED15E97F419}.Debug|Any CPU.Build.0 = Debug|Any CPU
		{AA969BC5-FDDA-4310-B2A0-6ED15E97F419}.Release|Any CPU.ActiveCfg = Release|Any CPU
		{AA969BC5-FDDA-4310-B2A0-6ED15E97F419}.Release|Any CPU.Build.0 = Release|Any CPU
	EndGlobalSection
	GlobalSection(MonoDevelopProperties) = preSolution
		StartupItem = pronama\lttimer.csproj
	EndGlobalSection
EndGlobal
